
Microsoft Visual Studio Solution File, Format Version 12.00
Project("{FAE04EC0-301F-11D3-BF4B-00C04F79EFBC}") = "PchmiLab2.Core", "PchmiLab2.Core\PchmiLab2.Core.csproj", "{4D6FC72E-E8C3-4657-98B7-B1D497CBB887}"
EndProject
Project("{FAE04EC0-301F-11D3-BF4B-00C04F79EFBC}") = "PchmiLab2.Cons", "PchmiLab2.Cons\PchmiLab2.Cons.csproj", "{64F0CCB8-B461-477F-A190-CD421BF974AD}"
EndProject
Project("{FAE04EC0-301F-11D3-BF4B-00C04F79EFBC}") = "PchmiLab2.Win", "PchmiLab2.Win\PchmiLab2.Win.csproj", "{F84C46D0-8746-4DD9-A9B8-7C7D7BF30C7F}"
EndProject
Project("{FAE04EC0-301F-11D3-BF4B-00C04F79EFBC}") = "PchmiLab2.Menu", "PchmiLab2.Menu\PchmiLab2.Menu.csproj", "{B8842196-2199-44B8-9FBE-295E3913E886}"
EndProject
Global
	GlobalSection(SolutionConfigurationPlatforms) = preSolution
		Debug|Any CPU = Debug|Any CPU
		Release|Any CPU = Release|Any CPU
	EndGlobalSection
	GlobalSection(ProjectConfigurationPlatforms) = postSolution
		{4D6FC72E-E8C3-4657-98B7-B1D497CBB887}.Debug|Any CPU.ActiveCfg = Debug|Any CPU
		{4D6FC72E-E8C3-4657-98B7-B1D497CBB887}.Debug|Any CPU.Build.0 = Debug|Any CPU
		{4D6FC72E-E8C3-4657-98B7-B1D497CBB887}.Release|Any CPU.ActiveCfg = Release|Any CPU
		{4D6FC72E-E8C3-4657-98B7-B1D497CBB887}.Release|Any CPU.Build.0 = Release|Any CPU
		{64F0CCB8-B461-477F-A190-CD421BF974AD}.Debug|Any CPU.ActiveCfg = Debug|Any CPU
		{64F0CCB8-B461-477F-A190-CD421BF974AD}.Debug|Any CPU.Build.0 = Debug|Any CPU
		{64F0CCB8-B461-477F-A190-CD421BF974AD}.Release|Any CPU.ActiveCfg = Release|Any CPU
		{64F0CCB8-B461-477F-A190-CD421BF974AD}.Release|Any CPU.Build.0 = Release|Any CPU
		{F84C46D0-8746-4DD9-A9B8-7C7D7BF30C7F}.Debug|Any CPU.ActiveCfg = Debug|Any CPU
		{F84C46D0-8746-4DD9-A9B8-7C7D7BF30C7F}.Debug|Any CPU.Build.0 = Debug|Any CPU
		{F84C46D0-8746-4DD9-A9B8-7C7D7BF30C7F}.Release|Any CPU.ActiveCfg = Release|Any CPU
		{F84C46D0-8746-4DD9-A9B8-7C7D7BF30C7F}.Release|Any CPU.Build.0 = Release|Any CPU
		{B8842196-2199-44B8-9FBE-295E3913E886}.Debug|Any CPU.ActiveCfg = Debug|Any CPU
		{B8842196-2199-44B8-9FBE-295E3913E886}.Debug|Any CPU.Build.0 = Debug|Any CPU
		{B8842196-2199-44B8-9FBE-295E3913E886}.Release|Any CPU.ActiveCfg = Release|Any CPU
		{B8842196-2199-44B8-9FBE-295E3913E886}.Release|Any CPU.Build.0 = Release|Any CPU
	EndGlobalSection
EndGlobal
